
Microsoft Visual Studio Solution File, Format Version 12.00
# Visual Studio 15
VisualStudioVersion = 15.0.27703.2035
MinimumVisualStudioVersion = 10.0.40219.1
Project("{888888A0-9F3D-457C-B088-3A5042F75D52}") = "lr1", "lr1\lr1.pyproj", "{0CC1281B-3319-43F1-ABB0-E089284DB5CD}"
EndProject
Global
	GlobalSection(SolutionConfigurationPlatforms) = preSolution
		Debug|Any CPU = Debug|Any CPU
		Release|Any CPU = Release|Any CPU
	EndGlobalSection
	GlobalSection(ProjectConfigurationPlatforms) = postSolution
		{0CC1281B-3319-43F1-ABB0-E089284DB5CD}.Debug|Any CPU.ActiveCfg = Debug|Any CPU
		{0CC1281B-3319-43F1-ABB0-E089284DB5CD}.Release|Any CPU.ActiveCfg = Release|Any CPU
	EndGlobalSection
	GlobalSection(SolutionProperties) = preSolution
		HideSolutionNode = FALSE
	EndGlobalSection
	GlobalSection(ExtensibilityGlobals) = postSolution
		SolutionGuid = {C7626A7A-83BC-42C4-AA0D-925C82D473E1}
	EndGlobalSection
EndGlobal
